{
  "name": "ceng-407-408-2022-2023-Smart-Trip-Application",
  "lockfileVersion": 3,
  "requires": true,
  "packages": {
    "": {
      "dependencies": {
        "@capacitor/google-maps": "^4.5.0"
      }
    },
    "node_modules/@capacitor/core": {
      "version": "4.7.0",
      "resolved": "https://registry.npmjs.org/@capacitor/core/-/core-4.7.0.tgz",
      "integrity": "sha512-LkjHnIoufojVjCZXogEbotN2utXxfo6TvpSgWaYndRPm/SrPFCWM8bPf/WNd8MozOkPFgcxlZnZlGHFGTeydWQ==",
      "peer": true,
      "dependencies": {
        "tslib": "^2.1.0"
      }
    },
    "node_modules/@capacitor/google-maps": {
      "version": "4.5.0",
      "resolved": "https://registry.npmjs.org/@capacitor/google-maps/-/google-maps-4.5.0.tgz",
      "integrity": "sha512-fPNgHOi5IGsOp5QTT15CZRJtVNy6spyTKWxuO3a9e5jd3Y4uqQsULUpVD7YCtqXwpjcpOL+uRagIaKj+Ep537g==",
      "dependencies": {
        "@googlemaps/js-api-loader": "^1.13.7",
        "@googlemaps/markerclusterer": "^2.0.7",
        "@types/google.maps": "^3.50.5"
      },
      "peerDependencies": {
        "@capacitor/core": "^4.0.1"
      }
    },
    "node_modules/@googlemaps/js-api-loader": {
      "version": "1.15.1",
      "resolved": "https://registry.npmjs.org/@googlemaps/js-api-loader/-/js-api-loader-1.15.1.tgz",
      "integrity": "sha512-AsnEgNsB7S/VdrHGEQUaUM2e5tmjFGKBAfzR/AqO8O7TPq/jQGvoRw5liPBw4EMF38RDsHmKDV89q/X+qiUREQ==",
      "dependencies": {
        "fast-deep-equal": "^3.1.3"
      }
    },
    "node_modules/@googlemaps/markerclusterer": {
      "version": "2.0.15",
      "resolved": "https://registry.npmjs.org/@googlemaps/markerclusterer/-/markerclusterer-2.0.15.tgz",
      "integrity": "sha512-/I6Esi5FtyeVHsezN9Kut8zRJoqe7KkTIJXGVqpKFf6BjC7qQ1xRajLMkOz0s8XKgLevbr+KdYjuvmj+LohOGg==",
      "dependencies": {
        "fast-deep-equal": "^3.1.3",
        "supercluster": "^7.1.3"
      }
    },
    "node_modules/@types/google.maps": {
      "version": "3.52.0",
      "resolved": "https://registry.npmjs.org/@types/google.maps/-/google.maps-3.52.0.tgz",
      "integrity": "sha512-cIwkgSBUOCerEwEpAahg1SxUqqGV+D786TkVWrcZZyPvuCozmXFtzQcpOzvUXBtTUqDzEbCDGlAXDfDSYFXFIw=="
    },
    "node_modules/fast-deep-equal": {
      "version": "3.1.3",
      "resolved": "https://registry.npmjs.org/fast-deep-equal/-/fast-deep-equal-3.1.3.tgz",
      "integrity": "sha512-f3qQ9oQy9j2AhBe/H9VC91wLmKBCCU/gDOnKNAYG5hswO7BLKj09Hc5HYNz9cGI++xlpDCIgDaitVs03ATR84Q=="
    },
    "node_modules/kdbush": {
      "version": "3.0.0",
      "resolved": "https://registry.npmjs.org/kdbush/-/kdbush-3.0.0.tgz",
      "integrity": "sha512-hRkd6/XW4HTsA9vjVpY9tuXJYLSlelnkTmVFu4M9/7MIYQtFcHpbugAU7UbOfjOiVSVYl2fqgBuJ32JUmRo5Ew=="
    },
    "node_modules/supercluster": {
      "version": "7.1.5",
      "resolved": "https://registry.npmjs.org/supercluster/-/supercluster-7.1.5.tgz",
      "integrity": "sha512-EulshI3pGUM66o6ZdH3ReiFcvHpM3vAigyK+vcxdjpJyEbIIrtbmBdY23mGgnI24uXiGFvrGq9Gkum/8U7vJWg==",
      "dependencies": {
        "kdbush": "^3.0.0"
      }
    },
    "node_modules/tslib": {
      "version": "2.5.0",
      "resolved": "https://registry.npmjs.org/tslib/-/tslib-2.5.0.tgz",
      "integrity": "sha512-336iVw3rtn2BUK7ORdIAHTyxHGRIHVReokCR3XjbckJMK7ms8FysBfhLR8IXnAgy7T0PTPNBWKiH514FOW/WSg==",
      "peer": true
    }
  }
}
